{
  "name": "pixels",
  "lockfileVersion": 2,
  "requires": true,
  "packages": {
    "": {
      "dependencies": {
        "@systemic-games/pixels-web-connect": "^1.3.1"
      }
    },
    "node_modules/@systemic-games/pixels-core-animation": {
      "version": "1.3.0",
      "resolved": "https://registry.npmjs.org/@systemic-games/pixels-core-animation/-/pixels-core-animation-1.3.0.tgz",
      "integrity": "sha512-rEaggLygwT1qrI5gKF0t44gEgazJCZHdWSCD82PwBr/KlB6MBd73mWx6q8cIf676L58RaSjB1RYdMouQ/vZZUg==",
      "dependencies": {
        "@systemic-games/pixels-core-utils": "~1.3.0"
      }
    },
    "node_modules/@systemic-games/pixels-core-connect": {
      "version": "1.3.0",
      "resolved": "https://registry.npmjs.org/@systemic-games/pixels-core-connect/-/pixels-core-connect-1.3.0.tgz",
      "integrity": "sha512-h+IbmtUGRbHydRXVJddxG2wjneJmrz/6Nn3plc6qe3I0jOku/eT5/M+3BFmCbTY5S1UtXcTdj1O5Iw6PCDZj8A==",
      "dependencies": {
        "@systemic-games/pixels-core-animation": "~1.3.0",
        "@systemic-games/pixels-core-utils": "~1.3.0",
        "events": "^3.3.0"
      }
    },
    "node_modules/@systemic-games/pixels-core-utils": {
      "version": "1.3.0",
      "resolved": "https://registry.npmjs.org/@systemic-games/pixels-core-utils/-/pixels-core-utils-1.3.0.tgz",
      "integrity": "sha512-j5WT2EzCBa+B5e0RQYhk5Ht5mk58CqHAmGQcKBklC/G7sUKTet4SYLZA1JVDOhryoFR/SY0JV6xI8VWHV3qbjw==",
      "dependencies": {
        "events": "^3.3.0",
        "reflect-metadata": "^0.2.1"
      }
    },
    "node_modules/@systemic-games/pixels-web-connect": {
      "version": "1.3.1",
      "resolved": "https://registry.npmjs.org/@systemic-games/pixels-web-connect/-/pixels-web-connect-1.3.1.tgz",
      "integrity": "sha512-vemeyJJDnzGUXi9nO4721I6OMhG+G6XMkSLDy5UKvOTepRdxoN8j4yUrU/epO9S+j03Sx1J9m+p49IEQcFsutw==",
      "dependencies": {
        "@systemic-games/pixels-core-connect": "~1.3.0",
        "@systemic-games/pixels-core-utils": "~1.3.0"
      }
    },
    "node_modules/events": {
      "version": "3.3.0",
      "resolved": "https://registry.npmjs.org/events/-/events-3.3.0.tgz",
      "integrity": "sha512-mQw+2fkQbALzQ7V0MY0IqdnXNOeTtP4r0lN9z7AAawCXgqea7bDii20AYrIBrFd/Hx0M2Ocz6S111CaFkUcb0Q==",
      "engines": {
        "node": ">=0.8.x"
      }
    },
    "node_modules/reflect-metadata": {
      "version": "0.2.2",
      "resolved": "https://registry.npmjs.org/reflect-metadata/-/reflect-metadata-0.2.2.tgz",
      "integrity": "sha512-urBwgfrvVP/eAyXx4hluJivBKzuEbSQs9rKWCrCkbSxNv8mxPcUZKeuoF3Uy4mJl3Lwprp6yy5/39VWigZ4K6Q=="
    }
  },
  "dependencies": {
    "@systemic-games/pixels-core-animation": {
      "version": "1.3.0",
      "resolved": "https://registry.npmjs.org/@systemic-games/pixels-core-animation/-/pixels-core-animation-1.3.0.tgz",
      "integrity": "sha512-rEaggLygwT1qrI5gKF0t44gEgazJCZHdWSCD82PwBr/KlB6MBd73mWx6q8cIf676L58RaSjB1RYdMouQ/vZZUg==",
      "requires": {
        "@systemic-games/pixels-core-utils": "~1.3.0"
      }
    },
    "@systemic-games/pixels-core-connect": {
      "version": "1.3.0",
      "resolved": "https://registry.npmjs.org/@systemic-games/pixels-core-connect/-/pixels-core-connect-1.3.0.tgz",
      "integrity": "sha512-h+IbmtUGRbHydRXVJddxG2wjneJmrz/6Nn3plc6qe3I0jOku/eT5/M+3BFmCbTY5S1UtXcTdj1O5Iw6PCDZj8A==",
      "requires": {
        "@systemic-games/pixels-core-animation": "~1.3.0",
        "@systemic-games/pixels-core-utils": "~1.3.0",
        "events": "^3.3.0"
      }
    },
    "@systemic-games/pixels-core-utils": {
      "version": "1.3.0",
      "resolved": "https://registry.npmjs.org/@systemic-games/pixels-core-utils/-/pixels-core-utils-1.3.0.tgz",
      "integrity": "sha512-j5WT2EzCBa+B5e0RQYhk5Ht5mk58CqHAmGQcKBklC/G7sUKTet4SYLZA1JVDOhryoFR/SY0JV6xI8VWHV3qbjw==",
      "requires": {
        "events": "^3.3.0",
        "reflect-metadata": "^0.2.1"
      }
    },
    "@systemic-games/pixels-web-connect": {
      "version": "1.3.1",
      "resolved": "https://registry.npmjs.org/@systemic-games/pixels-web-connect/-/pixels-web-connect-1.3.1.tgz",
      "integrity": "sha512-vemeyJJDnzGUXi9nO4721I6OMhG+G6XMkSLDy5UKvOTepRdxoN8j4yUrU/epO9S+j03Sx1J9m+p49IEQcFsutw==",
      "requires": {
        "@systemic-games/pixels-core-connect": "~1.3.0",
        "@systemic-games/pixels-core-utils": "~1.3.0"
      }
    },
    "events": {
      "version": "3.3.0",
      "resolved": "https://registry.npmjs.org/events/-/events-3.3.0.tgz",
      "integrity": "sha512-mQw+2fkQbALzQ7V0MY0IqdnXNOeTtP4r0lN9z7AAawCXgqea7bDii20AYrIBrFd/Hx0M2Ocz6S111CaFkUcb0Q=="
    },
    "reflect-metadata": {
      "version": "0.2.2",
      "resolved": "https://registry.npmjs.org/reflect-metadata/-/reflect-metadata-0.2.2.tgz",
      "integrity": "sha512-urBwgfrvVP/eAyXx4hluJivBKzuEbSQs9rKWCrCkbSxNv8mxPcUZKeuoF3Uy4mJl3Lwprp6yy5/39VWigZ4K6Q=="
    }
  }
}
