{
  "name": "pixels",
  "lockfileVersion": 2,
  "requires": true,
  "packages": {
    "": {
      "dependencies": {
        "@systemic-games/pixels-web-connect": "^1.1.0"
      }
    },
    "node_modules/@systemic-games/pixels-core-animation": {
      "version": "1.1.0",
      "resolved": "https://registry.npmjs.org/@systemic-games/pixels-core-animation/-/pixels-core-animation-1.1.0.tgz",
      "integrity": "sha512-b1168G7iSL6LHX7OM0+PDDOXoTlpHCguXTlv5VQ87KM2nSkpDMFTAoXNTXNO0Kx3D52ArxuFua1hZZB2QOOotg==",
      "dependencies": {
        "@systemic-games/pixels-core-utils": "1.1.0"
      }
    },
    "node_modules/@systemic-games/pixels-core-connect": {
      "version": "1.1.0",
      "resolved": "https://registry.npmjs.org/@systemic-games/pixels-core-connect/-/pixels-core-connect-1.1.0.tgz",
      "integrity": "sha512-6j1kOxUKQXitCBf2XPr47qZ64XWRk7jt2VejsOzhT+J09aWJMbRCZMaMOsxt7lS3DHhl4NoqvF16d53UycHKVg==",
      "dependencies": {
        "@systemic-games/pixels-core-animation": "1.1.0",
        "@systemic-games/pixels-core-utils": "1.1.0",
        "events": "^3.3.0"
      }
    },
    "node_modules/@systemic-games/pixels-core-utils": {
      "version": "1.1.0",
      "resolved": "https://registry.npmjs.org/@systemic-games/pixels-core-utils/-/pixels-core-utils-1.1.0.tgz",
      "integrity": "sha512-2oymNDYUgzXExwxsU8oXPpQ3Ix/tXP3eJrTyt1I5/585+OdgLEhVqEs9BONbmKC4x+iVqg1Pl6lt39tgALumvw==",
      "dependencies": {
        "events": "^3.3.0",
        "reflect-metadata": "^0.1.13"
      }
    },
    "node_modules/@systemic-games/pixels-web-connect": {
      "version": "1.1.0",
      "resolved": "https://registry.npmjs.org/@systemic-games/pixels-web-connect/-/pixels-web-connect-1.1.0.tgz",
      "integrity": "sha512-jRrkeXWr/8Nhgu22jMsJ8ayUyK3mRv5dz2iZF73/OIvDWZqYsVfhkMqFR97Be2ib0AJBsB+g+XlwsZI2W/Bdcw==",
      "dependencies": {
        "@systemic-games/pixels-core-connect": "1.1.0",
        "@systemic-games/pixels-core-utils": "1.1.0"
      }
    },
    "node_modules/events": {
      "version": "3.3.0",
      "resolved": "https://registry.npmjs.org/events/-/events-3.3.0.tgz",
      "integrity": "sha512-mQw+2fkQbALzQ7V0MY0IqdnXNOeTtP4r0lN9z7AAawCXgqea7bDii20AYrIBrFd/Hx0M2Ocz6S111CaFkUcb0Q==",
      "engines": {
        "node": ">=0.8.x"
      }
    },
    "node_modules/reflect-metadata": {
      "version": "0.1.13",
      "resolved": "https://registry.npmjs.org/reflect-metadata/-/reflect-metadata-0.1.13.tgz",
      "integrity": "sha512-Ts1Y/anZELhSsjMcU605fU9RE4Oi3p5ORujwbIKXfWa+0Zxs510Qrmrce5/Jowq3cHSZSJqBjypxmHarc+vEWg=="
    }
  },
  "dependencies": {
    "@systemic-games/pixels-core-animation": {
      "version": "1.1.0",
      "resolved": "https://registry.npmjs.org/@systemic-games/pixels-core-animation/-/pixels-core-animation-1.1.0.tgz",
      "integrity": "sha512-b1168G7iSL6LHX7OM0+PDDOXoTlpHCguXTlv5VQ87KM2nSkpDMFTAoXNTXNO0Kx3D52ArxuFua1hZZB2QOOotg==",
      "requires": {
        "@systemic-games/pixels-core-utils": "1.1.0"
      }
    },
    "@systemic-games/pixels-core-connect": {
      "version": "1.1.0",
      "resolved": "https://registry.npmjs.org/@systemic-games/pixels-core-connect/-/pixels-core-connect-1.1.0.tgz",
      "integrity": "sha512-6j1kOxUKQXitCBf2XPr47qZ64XWRk7jt2VejsOzhT+J09aWJMbRCZMaMOsxt7lS3DHhl4NoqvF16d53UycHKVg==",
      "requires": {
        "@systemic-games/pixels-core-animation": "1.1.0",
        "@systemic-games/pixels-core-utils": "1.1.0",
        "events": "^3.3.0"
      }
    },
    "@systemic-games/pixels-core-utils": {
      "version": "1.1.0",
      "resolved": "https://registry.npmjs.org/@systemic-games/pixels-core-utils/-/pixels-core-utils-1.1.0.tgz",
      "integrity": "sha512-2oymNDYUgzXExwxsU8oXPpQ3Ix/tXP3eJrTyt1I5/585+OdgLEhVqEs9BONbmKC4x+iVqg1Pl6lt39tgALumvw==",
      "requires": {
        "events": "^3.3.0",
        "reflect-metadata": "^0.1.13"
      }
    },
    "@systemic-games/pixels-web-connect": {
      "version": "1.1.0",
      "resolved": "https://registry.npmjs.org/@systemic-games/pixels-web-connect/-/pixels-web-connect-1.1.0.tgz",
      "integrity": "sha512-jRrkeXWr/8Nhgu22jMsJ8ayUyK3mRv5dz2iZF73/OIvDWZqYsVfhkMqFR97Be2ib0AJBsB+g+XlwsZI2W/Bdcw==",
      "requires": {
        "@systemic-games/pixels-core-connect": "1.1.0",
        "@systemic-games/pixels-core-utils": "1.1.0"
      }
    },
    "events": {
      "version": "3.3.0",
      "resolved": "https://registry.npmjs.org/events/-/events-3.3.0.tgz",
      "integrity": "sha512-mQw+2fkQbALzQ7V0MY0IqdnXNOeTtP4r0lN9z7AAawCXgqea7bDii20AYrIBrFd/Hx0M2Ocz6S111CaFkUcb0Q=="
    },
    "reflect-metadata": {
      "version": "0.1.13",
      "resolved": "https://registry.npmjs.org/reflect-metadata/-/reflect-metadata-0.1.13.tgz",
      "integrity": "sha512-Ts1Y/anZELhSsjMcU605fU9RE4Oi3p5ORujwbIKXfWa+0Zxs510Qrmrce5/Jowq3cHSZSJqBjypxmHarc+vEWg=="
    }
  }
}
